
Microsoft Visual Studio Solution File, Format Version 12.00
# Visual Studio Version 17
VisualStudioVersion = 17.4.33213.308
MinimumVisualStudioVersion = 10.0.40219.1
Project("{FAE04EC0-301F-11D3-BF4B-00C04F79EFBC}") = "MinimalApi.Web", "MinimalApi.Web\MinimalApi.Web.csproj", "{1397DFEF-006D-4B2A-8EBB-D4FE368F67EE}"
EndProject
Project("{FAE04EC0-301F-11D3-BF4B-00C04F79EFBC}") = "MinimalApi.Application", "MinimalApi.Application\MinimalApi.Application.csproj", "{6DFDCE4B-FC22-4DD7-BE77-AE5E2FA93578}"
EndProject
Global
	GlobalSection(SolutionConfigurationPlatforms) = preSolution
		Debug|Any CPU = Debug|Any CPU
		Release|Any CPU = Release|Any CPU
	EndGlobalSection
	GlobalSection(ProjectConfigurationPlatforms) = postSolution
		{1397DFEF-006D-4B2A-8EBB-D4FE368F67EE}.Debug|Any CPU.ActiveCfg = Debug|Any CPU
		{1397DFEF-006D-4B2A-8EBB-D4FE368F67EE}.Debug|Any CPU.Build.0 = Debug|Any CPU
		{1397DFEF-006D-4B2A-8EBB-D4FE368F67EE}.Release|Any CPU.ActiveCfg = Release|Any CPU
		{1397DFEF-006D-4B2A-8EBB-D4FE368F67EE}.Release|Any CPU.Build.0 = Release|Any CPU
		{6DFDCE4B-FC22-4DD7-BE77-AE5E2FA93578}.Debug|Any CPU.ActiveCfg = Debug|Any CPU
		{6DFDCE4B-FC22-4DD7-BE77-AE5E2FA93578}.Debug|Any CPU.Build.0 = Debug|Any CPU
		{6DFDCE4B-FC22-4DD7-BE77-AE5E2FA93578}.Release|Any CPU.ActiveCfg = Release|Any CPU
		{6DFDCE4B-FC22-4DD7-BE77-AE5E2FA93578}.Release|Any CPU.Build.0 = Release|Any CPU
	EndGlobalSection
	GlobalSection(SolutionProperties) = preSolution
		HideSolutionNode = FALSE
	EndGlobalSection
	GlobalSection(ExtensibilityGlobals) = postSolution
		SolutionGuid = {4681A387-3DBA-47C3-923A-00F8BF0151FC}
	EndGlobalSection
EndGlobal
